// !$*UTF8*$!
{
	archiveVersion = 1;
	classes = {
	};
	objectVersion = 46;
	objects = {

/* Begin PBXBuildFile section */
		0418F5CA1C083A4A00B90989 /* AppDelegate.swift in Sources */ = {isa = PBXBuildFile; fileRef = 0418F5C91C083A4A00B90989 /* AppDelegate.swift */; };
		0418F5CC1C083A4A00B90989 /* ViewController.swift in Sources */ = {isa = PBXBuildFile; fileRef = 0418F5CB1C083A4A00B90989 /* ViewController.swift */; };
		0418F5CF1C083A4A00B90989 /* Main.storyboard in Resources */ = {isa = PBXBuildFile; fileRef = 0418F5CD1C083A4A00B90989 /* Main.storyboard */; };
		0418F5D11C083A4A00B90989 /* Assets.xcassets in Resources */ = {isa = PBXBuildFile; fileRef = 0418F5D01C083A4A00B90989 /* Assets.xcassets */; };
		0418F5D41C083A4A00B90989 /* LaunchScreen.storyboard in Resources */ = {isa = PBXBuildFile; fileRef = 0418F5D21C083A4A00B90989 /* LaunchScreen.storyboard */; };
		0418F5DF1C083A4A00B90989 /* LineTipTests.swift in Sources */ = {isa = PBXBuildFile; fileRef = 0418F5DE1C083A4A00B90989 /* LineTipTests.swift */; };
		0418F5EA1C083A4A00B90989 /* LineTipUITests.swift in Sources */ = {isa = PBXBuildFile; fileRef = 0418F5E91C083A4A00B90989 /* LineTipUITests.swift */; };
		0418F5FA1C083D6400B90989 /* launcher_smile-jpg.png in Resources */ = {isa = PBXBuildFile; fileRef = 0418F5F81C083D6400B90989 /* launcher_smile-jpg.png */; };
		0418F5FB1C083D6400B90989 /* Line-icon.png in Resources */ = {isa = PBXBuildFile; fileRef = 0418F5F91C083D6400B90989 /* Line-icon.png */; };
		0418F5FD1C08433B00B90989 /* Images.xcassets in Resources */ = {isa = PBXBuildFile; fileRef = 0418F5FC1C08433B00B90989 /* Images.xcassets */; };
		047941741C0C586F0093EDD6 /* UserManagementTableViewController.swift in Sources */ = {isa = PBXBuildFile; fileRef = 047941731C0C586F0093EDD6 /* UserManagementTableViewController.swift */; };
		047941761C0C59CA0093EDD6 /* User.swift in Sources */ = {isa = PBXBuildFile; fileRef = 047941751C0C59CA0093EDD6 /* User.swift */; };
		047941781C0C5A300093EDD6 /* Trial.swift in Sources */ = {isa = PBXBuildFile; fileRef = 047941771C0C5A300093EDD6 /* Trial.swift */; };
		048064AB1C11809800F775CC /* UserViewController.swift in Sources */ = {isa = PBXBuildFile; fileRef = 048064AA1C11809800F775CC /* UserViewController.swift */; };
/* End PBXBuildFile section */

/* Begin PBXContainerItemProxy section */
		0418F5DB1C083A4A00B90989 /* PBXContainerItemProxy */ = {
			isa = PBXContainerItemProxy;
			containerPortal = 0418F5BE1C083A4A00B90989 /* Project object */;
			proxyType = 1;
			remoteGlobalIDString = 0418F5C51C083A4A00B90989;
			remoteInfo = LineTip;
		};
		0418F5E61C083A4A00B90989 /* PBXContainerItemProxy */ = {
			isa = PBXContainerItemProxy;
			containerPortal = 0418F5BE1C083A4A00B90989 /* Project object */;
			proxyType = 1;
			remoteGlobalIDString = 0418F5C51C083A4A00B90989;
			remoteInfo = LineTip;
		};
/* End PBXContainerItemProxy section */

/* Begin PBXFileReference section */
		0418F5C61C083A4A00B90989 /* LineTip.app */ = {isa = PBXFileReference; explicitFileType = wrapper.application; includeInIndex = 0; path = LineTip.app; sourceTree = BUILT_PRODUCTS_DIR; };
		0418F5C91C083A4A00B90989 /* AppDelegate.swift */ = {isa = PBXFileReference; lastKnownFileType = sourcecode.swift; path = AppDelegate.swift; sourceTree = "<group>"; };
		0418F5CB1C083A4A00B90989 /* ViewController.swift */ = {isa = PBXFileReference; lastKnownFileType = sourcecode.swift; path = ViewController.swift; sourceTree = "<group>"; };
		0418F5CE1C083A4A00B90989 /* Base */ = {isa = PBXFileReference; lastKnownFileType = file.storyboard; name = Base; path = Base.lproj/Main.storyboard; sourceTree = "<group>"; };
		0418F5D01C083A4A00B90989 /* Assets.xcassets */ = {isa = PBXFileReference; lastKnownFileType = folder.assetcatalog; path = Assets.xcassets; sourceTree = "<group>"; };
		0418F5D31C083A4A00B90989 /* Base */ = {isa = PBXFileReference; lastKnownFileType = file.storyboard; name = Base; path = Base.lproj/LaunchScreen.storyboard; sourceTree = "<group>"; };
		0418F5D51C083A4A00B90989 /* Info.plist */ = {isa = PBXFileReference; lastKnownFileType = text.plist.xml; path = Info.plist; sourceTree = "<group>"; };
		0418F5DA1C083A4A00B90989 /* LineTipTests.xctest */ = {isa = PBXFileReference; explicitFileType = wrapper.cfbundle; includeInIndex = 0; path = LineTipTests.xctest; sourceTree = BUILT_PRODUCTS_DIR; };
		0418F5DE1C083A4A00B90989 /* LineTipTests.swift */ = {isa = PBXFileReference; lastKnownFileType = sourcecode.swift; path = LineTipTests.swift; sourceTree = "<group>"; };
		0418F5E01C083A4A00B90989 /* Info.plist */ = {isa = PBXFileReference; lastKnownFileType = text.plist.xml; path = Info.plist; sourceTree = "<group>"; };
		0418F5E51C083A4A00B90989 /* LineTipUITests.xctest */ = {isa = PBXFileReference; explicitFileType = wrapper.cfbundle; includeInIndex = 0; path = LineTipUITests.xctest; sourceTree = BUILT_PRODUCTS_DIR; };
		0418F5E91C083A4A00B90989 /* LineTipUITests.swift */ = {isa = PBXFileReference; lastKnownFileType = sourcecode.swift; path = LineTipUITests.swift; sourceTree = "<group>"; };
		0418F5EB1C083A4A00B90989 /* Info.plist */ = {isa = PBXFileReference; lastKnownFileType = text.plist.xml; path = Info.plist; sourceTree = "<group>"; };
		0418F5F81C083D6400B90989 /* launcher_smile-jpg.png */ = {isa = PBXFileReference; lastKnownFileType = image.png; path = "launcher_smile-jpg.png"; sourceTree = "<group>"; };
		0418F5F91C083D6400B90989 /* Line-icon.png */ = {isa = PBXFileReference; lastKnownFileType = image.png; path = "Line-icon.png"; sourceTree = "<group>"; };
		0418F5FC1C08433B00B90989 /* Images.xcassets */ = {isa = PBXFileReference; lastKnownFileType = folder.assetcatalog; path = Images.xcassets; sourceTree = "<group>"; };
		047941731C0C586F0093EDD6 /* UserManagementTableViewController.swift */ = {isa = PBXFileReference; fileEncoding = 4; lastKnownFileType = sourcecode.swift; path = UserManagementTableViewController.swift; sourceTree = "<group>"; };
		047941751C0C59CA0093EDD6 /* User.swift */ = {isa = PBXFileReference; fileEncoding = 4; lastKnownFileType = sourcecode.swift; name = User.swift; path = ../User.swift; sourceTree = "<group>"; };
		047941771C0C5A300093EDD6 /* Trial.swift */ = {isa = PBXFileReference; fileEncoding = 4; lastKnownFileType = sourcecode.swift; path = Trial.swift; sourceTree = "<group>"; };
		048064AA1C11809800F775CC /* UserViewController.swift */ = {isa = PBXFileReference; fileEncoding = 4; lastKnownFileType = sourcecode.swift; path = UserViewController.swift; sourceTree = "<group>"; };
/* End PBXFileReference section */

/* Begin PBXFrameworksBuildPhase section */
		0418F5C31C083A4A00B90989 /* Frameworks */ = {
			isa = PBXFrameworksBuildPhase;
			buildActionMask = 2147483647;
			files = (
			);
			runOnlyForDeploymentPostprocessing = 0;
		};
		0418F5D71C083A4A00B90989 /* Frameworks */ = {
			isa = PBXFrameworksBuildPhase;
			buildActionMask = 2147483647;
			files = (
			);
			runOnlyForDeploymentPostprocessing = 0;
		};
		0418F5E21C083A4A00B90989 /* Frameworks */ = {
			isa = PBXFrameworksBuildPhase;
			buildActionMask = 2147483647;
			files = (
			);
			runOnlyForDeploymentPostprocessing = 0;
		};
/* End PBXFrameworksBuildPhase section */

/* Begin PBXGroup section */
		0418F5BD1C083A4A00B90989 = {
			isa = PBXGroup;
			children = (
				0418F5F71C083D3D00B90989 /* images */,
				0418F5C81C083A4A00B90989 /* LineTip */,
				0418F5DD1C083A4A00B90989 /* LineTipTests */,
				0418F5E81C083A4A00B90989 /* LineTipUITests */,
				0418F5C71C083A4A00B90989 /* Products */,
			);
			sourceTree = "<group>";
		};
		0418F5C71C083A4A00B90989 /* Products */ = {
			isa = PBXGroup;
			children = (
				0418F5C61C083A4A00B90989 /* LineTip.app */,
				0418F5DA1C083A4A00B90989 /* LineTipTests.xctest */,
				0418F5E51C083A4A00B90989 /* LineTipUITests.xctest */,
			);
			name = Products;
			sourceTree = "<group>";
		};
		0418F5C81C083A4A00B90989 /* LineTip */ = {
			isa = PBXGroup;
			children = (
				0418F5C91C083A4A00B90989 /* AppDelegate.swift */,
				0418F5CB1C083A4A00B90989 /* ViewController.swift */,
				0418F5CD1C083A4A00B90989 /* Main.storyboard */,
				047941731C0C586F0093EDD6 /* UserManagementTableViewController.swift */,
				048064AA1C11809800F775CC /* UserViewController.swift */,
				0418F5D01C083A4A00B90989 /* Assets.xcassets */,
				0418F5D21C083A4A00B90989 /* LaunchScreen.storyboard */,
				0418F5D51C083A4A00B90989 /* Info.plist */,
				0418F5FC1C08433B00B90989 /* Images.xcassets */,
				047941791C0C5F880093EDD6 /* model */,
			);
			path = LineTip;
			sourceTree = "<group>";
		};
		0418F5DD1C083A4A00B90989 /* LineTipTests */ = {
			isa = PBXGroup;
			children = (
				0418F5DE1C083A4A00B90989 /* LineTipTests.swift */,
				0418F5E01C083A4A00B90989 /* Info.plist */,
			);
			path = LineTipTests;
			sourceTree = "<group>";
		};
		0418F5E81C083A4A00B90989 /* LineTipUITests */ = {
			isa = PBXGroup;
			children = (
				0418F5E91C083A4A00B90989 /* LineTipUITests.swift */,
				0418F5EB1C083A4A00B90989 /* Info.plist */,
			);
			path = LineTipUITests;
			sourceTree = "<group>";
		};
		0418F5F71C083D3D00B90989 /* images */ = {
			isa = PBXGroup;
			children = (
				0418F5F81C083D6400B90989 /* launcher_smile-jpg.png */,
				0418F5F91C083D6400B90989 /* Line-icon.png */,
			);
			name = images;
			sourceTree = "<group>";
		};
		047941791C0C5F880093EDD6 /* model */ = {
			isa = PBXGroup;
			children = (
				047941771C0C5A300093EDD6 /* Trial.swift */,
				047941751C0C59CA0093EDD6 /* User.swift */,
			);
			name = model;
			sourceTree = "<group>";
		};
/* End PBXGroup section */

/* Begin PBXNativeTarget section */
		0418F5C51C083A4A00B90989 /* LineTip */ = {
			isa = PBXNativeTarget;
			buildConfigurationList = 0418F5EE1C083A4A00B90989 /* Build configuration list for PBXNativeTarget "LineTip" */;
			buildPhases = (
				0418F5C21C083A4A00B90989 /* Sources */,
				0418F5C31C083A4A00B90989 /* Frameworks */,
				0418F5C41C083A4A00B90989 /* Resources */,
			);
			buildRules = (
			);
			dependencies = (
			);
			name = LineTip;
			productName = LineTip;
			productReference = 0418F5C61C083A4A00B90989 /* LineTip.app */;
			productType = "com.apple.product-type.application";
		};
		0418F5D91C083A4A00B90989 /* LineTipTests */ = {
			isa = PBXNativeTarget;
			buildConfigurationList = 0418F5F11C083A4A00B90989 /* Build configuration list for PBXNativeTarget "LineTipTests" */;
			buildPhases = (
				0418F5D61C083A4A00B90989 /* Sources */,
				0418F5D71C083A4A00B90989 /* Frameworks */,
				0418F5D81C083A4A00B90989 /* Resources */,
			);
			buildRules = (
			);
			dependencies = (
				0418F5DC1C083A4A00B90989 /* PBXTargetDependency */,
			);
			name = LineTipTests;
			productName = LineTipTests;
			productReference = 0418F5DA1C083A4A00B90989 /* LineTipTests.xctest */;
			productType = "com.apple.product-type.bundle.unit-test";
		};
		0418F5E41C083A4A00B90989 /* LineTipUITests */ = {
			isa = PBXNativeTarget;
			buildConfigurationList = 0418F5F41C083A4A00B90989 /* Build configuration list for PBXNativeTarget "LineTipUITests" */;
			buildPhases = (
				0418F5E11C083A4A00B90989 /* Sources */,
				0418F5E21C083A4A00B90989 /* Frameworks */,
				0418F5E31C083A4A00B90989 /* Resources */,
			);
			buildRules = (
			);
			dependencies = (
				0418F5E71C083A4A00B90989 /* PBXTargetDependency */,
			);
			name = LineTipUITests;
			productName = LineTipUITests;
			productReference = 0418F5E51C083A4A00B90989 /* LineTipUITests.xctest */;
			productType = "com.apple.product-type.bundle.ui-testing";
		};
/* End PBXNativeTarget section */

/* Begin PBXProject section */
		0418F5BE1C083A4A00B90989 /* Project object */ = {
			isa = PBXProject;
			attributes = {
				LastSwiftUpdateCheck = 0710;
				LastUpgradeCheck = 0710;
				ORGANIZATIONNAME = "Artur Schäfer";
				TargetAttributes = {
					0418F5C51C083A4A00B90989 = {
						CreatedOnToolsVersion = 7.1.1;
					};
					0418F5D91C083A4A00B90989 = {
						CreatedOnToolsVersion = 7.1.1;
						TestTargetID = 0418F5C51C083A4A00B90989;
					};
					0418F5E41C083A4A00B90989 = {
						CreatedOnToolsVersion = 7.1.1;
						TestTargetID = 0418F5C51C083A4A00B90989;
					};
				};
			};
			buildConfigurationList = 0418F5C11C083A4A00B90989 /* Build configuration list for PBXProject "LineTip" */;
			compatibilityVersion = "Xcode 3.2";
			developmentRegion = English;
			hasScannedForEncodings = 0;
			knownRegions = (
				en,
				Base,
			);
			mainGroup = 0418F5BD1C083A4A00B90989;
			productRefGroup = 0418F5C71C083A4A00B90989 /* Products */;
			projectDirPath = "";
			projectRoot = "";
			targets = (
				0418F5C51C083A4A00B90989 /* LineTip */,
				0418F5D91C083A4A00B90989 /* LineTipTests */,
				0418F5E41C083A4A00B90989 /* LineTipUITests */,
			);
		};
/* End PBXProject section */

/* Begin PBXResourcesBuildPhase section */
		0418F5C41C083A4A00B90989 /* Resources */ = {
			isa = PBXResourcesBuildPhase;
			buildActionMask = 2147483647;
			files = (
				0418F5D41C083A4A00B90989 /* LaunchScreen.storyboard in Resources */,
				0418F5D11C083A4A00B90989 /* Assets.xcassets in Resources */,
				0418F5FA1C083D6400B90989 /* launcher_smile-jpg.png in Resources */,
				0418F5FD1C08433B00B90989 /* Images.xcassets in Resources */,
				0418F5CF1C083A4A00B90989 /* Main.storyboard in Resources */,
				0418F5FB1C083D6400B90989 /* Line-icon.png in Resources */,
			);
			runOnlyForDeploymentPostprocessing = 0;
		};
		0418F5D81C083A4A00B90989 /* Resources */ = {
			isa = PBXResourcesBuildPhase;
			buildActionMask = 2147483647;
			files = (
			);
			runOnlyForDeploymentPostprocessing = 0;
		};
		0418F5E31C083A4A00B90989 /* Resources */ = {
			isa = PBXResourcesBuildPhase;
			buildActionMask = 2147483647;
			files = (
			);
			runOnlyForDeploymentPostprocessing = 0;
		};
/* End PBXResourcesBuildPhase section */

/* Begin PBXSourcesBuildPhase section */
		0418F5C21C083A4A00B90989 /* Sources */ = {
			isa = PBXSourcesBuildPhase;
			buildActionMask = 2147483647;
			files = (
				047941781C0C5A300093EDD6 /* Trial.swift in Sources */,
				048064AB1C11809800F775CC /* UserViewController.swift in Sources */,
				047941761C0C59CA0093EDD6 /* User.swift in Sources */,
				0418F5CC1C083A4A00B90989 /* ViewController.swift in Sources */,
				0418F5CA1C083A4A00B90989 /* AppDelegate.swift in Sources */,
				047941741C0C586F0093EDD6 /* UserManagementTableViewController.swift in Sources */,
			);
			runOnlyForDeploymentPostprocessing = 0;
		};
		0418F5D61C083A4A00B90989 /* Sources */ = {
			isa = PBXSourcesBuildPhase;
			buildActionMask = 2147483647;
			files = (
				0418F5DF1C083A4A00B90989 /* LineTipTests.swift in Sources */,
			);
			runOnlyForDeploymentPostprocessing = 0;
		};
		0418F5E11C083A4A00B90989 /* Sources */ = {
			isa = PBXSourcesBuildPhase;
			buildActionMask = 2147483647;
			files = (
				0418F5EA1C083A4A00B90989 /* LineTipUITests.swift in Sources */,
			);
			runOnlyForDeploymentPostprocessing = 0;
		};
/* End PBXSourcesBuildPhase section */

/* Begin PBXTargetDependency section */
		0418F5DC1C083A4A00B90989 /* PBXTargetDependency */ = {
			isa = PBXTargetDependency;
			target = 0418F5C51C083A4A00B90989 /* LineTip */;
			targetProxy = 0418F5DB1C083A4A00B90989 /* PBXContainerItemProxy */;
		};
		0418F5E71C083A4A00B90989 /* PBXTargetDependency */ = {
			isa = PBXTargetDependency;
			target = 0418F5C51C083A4A00B90989 /* LineTip */;
			targetProxy = 0418F5E61C083A4A00B90989 /* PBXContainerItemProxy */;
		};
/* End PBXTargetDependency section */

/* Begin PBXVariantGroup section */
		0418F5CD1C083A4A00B90989 /* Main.storyboard */ = {
			isa = PBXVariantGroup;
			children = (
				0418F5CE1C083A4A00B90989 /* Base */,
			);
			name = Main.storyboard;
			sourceTree = "<group>";
		};
		0418F5D21C083A4A00B90989 /* LaunchScreen.storyboard */ = {
			isa = PBXVariantGroup;
			children = (
				0418F5D31C083A4A00B90989 /* Base */,
			);
			name = LaunchScreen.storyboard;
			sourceTree = "<group>";
		};
/* End PBXVariantGroup section */

/* Begin XCBuildConfiguration section */
		0418F5EC1C083A4A00B90989 /* Debug */ = {
			isa = XCBuildConfiguration;
			buildSettings = {
				ALWAYS_SEARCH_USER_PATHS = NO;
				CLANG_CXX_LANGUAGE_STANDARD = "gnu++0x";
				CLANG_CXX_LIBRARY = "libc++";
				CLANG_ENABLE_MODULES = YES;
				CLANG_ENABLE_OBJC_ARC = YES;
				CLANG_WARN_BOOL_CONVERSION = YES;
				CLANG_WARN_CONSTANT_CONVERSION = YES;
				CLANG_WARN_DIRECT_OBJC_ISA_USAGE = YES_ERROR;
				CLANG_WARN_EMPTY_BODY = YES;
				CLANG_WARN_ENUM_CONVERSION = YES;
				CLANG_WARN_INT_CONVERSION = YES;
				CLANG_WARN_OBJC_ROOT_CLASS = YES_ERROR;
				CLANG_WARN_UNREACHABLE_CODE = YES;
				CLANG_WARN__DUPLICATE_METHOD_MATCH = YES;
				"CODE_SIGN_IDENTITY[sdk=iphoneos*]" = "iPhone Developer";
				COPY_PHASE_STRIP = NO;
				DEBUG_INFORMATION_FORMAT = dwarf;
				ENABLE_STRICT_OBJC_MSGSEND = YES;
				ENABLE_TESTABILITY = YES;
				GCC_C_LANGUAGE_STANDARD = gnu99;
				GCC_DYNAMIC_NO_PIC = NO;
				GCC_NO_COMMON_BLOCKS = YES;
				GCC_OPTIMIZATION_LEVEL = 0;
				GCC_PREPROCESSOR_DEFINITIONS = (
					"DEBUG=1",
					"$(inherited)",
				);
				GCC_WARN_64_TO_32_BIT_CONVERSION = YES;
				GCC_WARN_ABOUT_RETURN_TYPE = YES_ERROR;
				GCC_WARN_UNDECLARED_SELECTOR = YES;
				GCC_WARN_UNINITIALIZED_AUTOS = YES_AGGRESSIVE;
				GCC_WARN_UNUSED_FUNCTION = YES;
				GCC_WARN_UNUSED_VARIABLE = YES;
				IPHONEOS_DEPLOYMENT_TARGET = 9.1;
				MTL_ENABLE_DEBUG_INFO = YES;
				ONLY_ACTIVE_ARCH = YES;
				SDKROOT = iphoneos;
				SWIFT_OPTIMIZATION_LEVEL = "-Onone";
				TARGETED_DEVICE_FAMILY = "1,2";
			};
			name = Debug;
		};
		0418F5ED1C083A4A00B90989 /* Release */ = {
			isa = XCBuildConfiguration;
			buildSettings = {
				ALWAYS_SEARCH_USER_PATHS = NO;
				CLANG_CXX_LANGUAGE_STANDARD = "gnu++0x";
				CLANG_CXX_LIBRARY = "libc++";
				CLANG_ENABLE_MODULES = YES;
				CLANG_ENABLE_OBJC_ARC = YES;
				CLANG_WARN_BOOL_CONVERSION = YES;
				CLANG_WARN_CONSTANT_CONVERSION = YES;
				CLANG_WARN_DIRECT_OBJC_ISA_USAGE = YES_ERROR;
				CLANG_WARN_EMPTY_BODY = YES;
				CLANG_WARN_ENUM_CONVERSION = YES;
				CLANG_WARN_INT_CONVERSION = YES;
				CLANG_WARN_OBJC_ROOT_CLASS = YES_ERROR;
				CLANG_WARN_UNREACHABLE_CODE = YES;
				CLANG_WARN__DUPLICATE_METHOD_MATCH = YES;
				"CODE_SIGN_IDENTITY[sdk=iphoneos*]" = "iPhone Developer";
				COPY_PHASE_STRIP = NO;
				DEBUG_INFORMATION_FORMAT = "dwarf-with-dsym";
				ENABLE_NS_ASSERTIONS = NO;
				ENABLE_STRICT_OBJC_MSGSEND = YES;
				GCC_C_LANGUAGE_STANDARD = gnu99;
				GCC_NO_COMMON_BLOCKS = YES;
				GCC_WARN_64_TO_32_BIT_CONVERSION = YES;
				GCC_WARN_ABOUT_RETURN_TYPE = YES_ERROR;
				GCC_WARN_UNDECLARED_SELECTOR = YES;
				GCC_WARN_UNINITIALIZED_AUTOS = YES_AGGRESSIVE;
				GCC_WARN_UNUSED_FUNCTION = YES;
				GCC_WARN_UNUSED_VARIABLE = YES;
				IPHONEOS_DEPLOYMENT_TARGET = 9.1;
				MTL_ENABLE_DEBUG_INFO = NO;
				SDKROOT = iphoneos;
				TARGETED_DEVICE_FAMILY = "1,2";
				VALIDATE_PRODUCT = YES;
			};
			name = Release;
		};
		0418F5EF1C083A4A00B90989 /* Debug */ = {
			isa = XCBuildConfiguration;
			buildSettings = {
				ASSETCATALOG_COMPILER_LAUNCHIMAGE_NAME = "Brand Assets";
				CODE_SIGN_IDENTITY = "iPhone Developer";
				INFOPLIST_FILE = LineTip/Info.plist;
				LD_RUNPATH_SEARCH_PATHS = "$(inherited) @executable_path/Frameworks";
				PRODUCT_BUNDLE_IDENTIFIER = com.artursworld.LineTip;
				PRODUCT_NAME = "$(TARGET_NAME)";
			};
			name = Debug;
		};
		0418F5F01C083A4A00B90989 /* Release */ = {
			isa = XCBuildConfiguration;
			buildSettings = {
				ASSETCATALOG_COMPILER_LAUNCHIMAGE_NAME = "Brand Assets";
				CODE_SIGN_IDENTITY = "iPhone Developer";
				INFOPLIST_FILE = LineTip/Info.plist;
				LD_RUNPATH_SEARCH_PATHS = "$(inherited) @executable_path/Frameworks";
				PRODUCT_BUNDLE_IDENTIFIER = com.artursworld.LineTip;
				PRODUCT_NAME = "$(TARGET_NAME)";
			};
			name = Release;
		};
		0418F5F21C083A4A00B90989 /* Debug */ = {
			isa = XCBuildConfiguration;
			buildSettings = {
				BUNDLE_LOADER = "$(TEST_HOST)";
				INFOPLIST_FILE = LineTipTests/Info.plist;
				LD_RUNPATH_SEARCH_PATHS = "$(inherited) @executable_path/Frameworks @loader_path/Frameworks";
				PRODUCT_BUNDLE_IDENTIFIER = com.artursworld.LineTipTests;
				PRODUCT_NAME = "$(TARGET_NAME)";
				TEST_HOST = "$(BUILT_PRODUCTS_DIR)/LineTip.app/LineTip";
			};
			name = Debug;
		};
		0418F5F31C083A4A00B90989 /* Release */ = {
			isa = XCBuildConfiguration;
			buildSettings = {
				BUNDLE_LOADER = "$(TEST_HOST)";
				INFOPLIST_FILE = LineTipTests/Info.plist;
				LD_RUNPATH_SEARCH_PATHS = "$(inherited) @executable_path/Frameworks @loader_path/Frameworks";
				PRODUCT_BUNDLE_IDENTIFIER = com.artursworld.LineTipTests;
				PRODUCT_NAME = "$(TARGET_NAME)";
				TEST_HOST = "$(BUILT_PRODUCTS_DIR)/LineTip.app/LineTip";
			};
			name = Release;
		};
		0418F5F51C083A4A00B90989 /* Debug */ = {
			isa = XCBuildConfiguration;
			buildSettings = {
				INFOPLIST_FILE = LineTipUITests/Info.plist;
				LD_RUNPATH_SEARCH_PATHS = "$(inherited) @executable_path/Frameworks @loader_path/Frameworks";
				PRODUCT_BUNDLE_IDENTIFIER = com.artursworld.LineTipUITests;
				PRODUCT_NAME = "$(TARGET_NAME)";
				TEST_TARGET_NAME = LineTip;
				USES_XCTRUNNER = YES;
			};
			name = Debug;
		};
		0418F5F61C083A4A00B90989 /* Release */ = {
			isa = XCBuildConfiguration;
			buildSettings = {
				INFOPLIST_FILE = LineTipUITests/Info.plist;
				LD_RUNPATH_SEARCH_PATHS = "$(inherited) @executable_path/Frameworks @loader_path/Frameworks";
				PRODUCT_BUNDLE_IDENTIFIER = com.artursworld.LineTipUITests;
				PRODUCT_NAME = "$(TARGET_NAME)";
				TEST_TARGET_NAME = LineTip;
				USES_XCTRUNNER = YES;
			};
			name = Release;
		};
/* End XCBuildConfiguration section */

/* Begin XCConfigurationList section */
		0418F5C11C083A4A00B90989 /* Build configuration list for PBXProject "LineTip" */ = {
			isa = XCConfigurationList;
			buildConfigurations = (
				0418F5EC1C083A4A00B90989 /* Debug */,
				0418F5ED1C083A4A00B90989 /* Release */,
			);
			defaultConfigurationIsVisible = 0;
			defaultConfigurationName = Release;
		};
		0418F5EE1C083A4A00B90989 /* Build configuration list for PBXNativeTarget "LineTip" */ = {
			isa = XCConfigurationList;
			buildConfigurations = (
				0418F5EF1C083A4A00B90989 /* Debug */,
				0418F5F01C083A4A00B90989 /* Release */,
			);
			defaultConfigurationIsVisible = 0;
			defaultConfigurationName = Release;
		};
		0418F5F11C083A4A00B90989 /* Build configuration list for PBXNativeTarget "LineTipTests" */ = {
			isa = XCConfigurationList;
			buildConfigurations = (
				0418F5F21C083A4A00B90989 /* Debug */,
				0418F5F31C083A4A00B90989 /* Release */,
			);
			defaultConfigurationIsVisible = 0;
			defaultConfigurationName = Release;
		};
		0418F5F41C083A4A00B90989 /* Build configuration list for PBXNativeTarget "LineTipUITests" */ = {
			isa = XCConfigurationList;
			buildConfigurations = (
				0418F5F51C083A4A00B90989 /* Debug */,
				0418F5F61C083A4A00B90989 /* Release */,
			);
			defaultConfigurationIsVisible = 0;
			defaultConfigurationName = Release;
		};
/* End XCConfigurationList section */
	};
	rootObject = 0418F5BE1C083A4A00B90989 /* Project object */;
}
